
Microsoft Visual Studio Solution File, Format Version 12.00
# Visual Studio Version 17
VisualStudioVersion = 17.11.35327.3
MinimumVisualStudioVersion = 10.0.40219.1
Project("{FAE04EC0-301F-11D3-BF4B-00C04F79EFBC}") = "Supertramp_Cafe", "Supertramp_Cafe.csproj", "{5954AF59-7248-4540-BD67-A3DA357FB1B9}"
EndProject
Global
	GlobalSection(SolutionConfigurationPlatforms) = preSolution
		Debug|Any CPU = Debug|Any CPU
		Release|Any CPU = Release|Any CPU
	EndGlobalSection
	GlobalSection(ProjectConfigurationPlatforms) = postSolution
		{5954AF59-7248-4540-BD67-A3DA357FB1B9}.Debug|Any CPU.ActiveCfg = Debug|Any CPU
		{5954AF59-7248-4540-BD67-A3DA357FB1B9}.Debug|Any CPU.Build.0 = Debug|Any CPU
		{5954AF59-7248-4540-BD67-A3DA357FB1B9}.Release|Any CPU.ActiveCfg = Release|Any CPU
		{5954AF59-7248-4540-BD67-A3DA357FB1B9}.Release|Any CPU.Build.0 = Release|Any CPU
	EndGlobalSection
	GlobalSection(SolutionProperties) = preSolution
		HideSolutionNode = FALSE
	EndGlobalSection
	GlobalSection(ExtensibilityGlobals) = postSolution
		SolutionGuid = {3630228B-D6F0-4BC3-94E5-96CAB7D0C1FA}
	EndGlobalSection
EndGlobal
